
Microsoft Visual Studio Solution File, Format Version 12.00
# Visual Studio Version 17
VisualStudioVersion = 17.9.34622.214
MinimumVisualStudioVersion = 10.0.40219.1
Project("{FAE04EC0-301F-11D3-BF4B-00C04F79EFBC}") = "GetEmployee", "GetEmployee.csproj", "{9B11175E-4765-4CC7-963F-161E46E56C24}"
EndProject
Global
	GlobalSection(SolutionConfigurationPlatforms) = preSolution
		Debug|Any CPU = Debug|Any CPU
		Release|Any CPU = Release|Any CPU
	EndGlobalSection
	GlobalSection(ProjectConfigurationPlatforms) = postSolution
		{9B11175E-4765-4CC7-963F-161E46E56C24}.Debug|Any CPU.ActiveCfg = Debug|Any CPU
		{9B11175E-4765-4CC7-963F-161E46E56C24}.Debug|Any CPU.Build.0 = Debug|Any CPU
		{9B11175E-4765-4CC7-963F-161E46E56C24}.Release|Any CPU.ActiveCfg = Release|Any CPU
		{9B11175E-4765-4CC7-963F-161E46E56C24}.Release|Any CPU.Build.0 = Release|Any CPU
	EndGlobalSection
	GlobalSection(SolutionProperties) = preSolution
		HideSolutionNode = FALSE
	EndGlobalSection
	GlobalSection(ExtensibilityGlobals) = postSolution
		SolutionGuid = {CD436DA3-CD41-43A6-AD39-0D6E38930802}
	EndGlobalSection
EndGlobal
